
Microsoft Visual Studio Solution File, Format Version 12.00
# Visual Studio Version 16
VisualStudioVersion = 16.0.31005.135
MinimumVisualStudioVersion = 10.0.40219.1
Project("{FAE04EC0-301F-11D3-BF4B-00C04F79EFBC}") = "Het2_IEQMTH", "Het2_IEQMTH\Het2_IEQMTH.csproj", "{6B2E3AC9-3D11-407C-9504-E12DB44BCB4B}"
EndProject
Global
	GlobalSection(SolutionConfigurationPlatforms) = preSolution
		Debug|Any CPU = Debug|Any CPU
		Release|Any CPU = Release|Any CPU
	EndGlobalSection
	GlobalSection(ProjectConfigurationPlatforms) = postSolution
		{6B2E3AC9-3D11-407C-9504-E12DB44BCB4B}.Debug|Any CPU.ActiveCfg = Debug|Any CPU
		{6B2E3AC9-3D11-407C-9504-E12DB44BCB4B}.Debug|Any CPU.Build.0 = Debug|Any CPU
		{6B2E3AC9-3D11-407C-9504-E12DB44BCB4B}.Release|Any CPU.ActiveCfg = Release|Any CPU
		{6B2E3AC9-3D11-407C-9504-E12DB44BCB4B}.Release|Any CPU.Build.0 = Release|Any CPU
	EndGlobalSection
	GlobalSection(SolutionProperties) = preSolution
		HideSolutionNode = FALSE
	EndGlobalSection
	GlobalSection(ExtensibilityGlobals) = postSolution
		SolutionGuid = {2220918B-FBEE-4E56-8804-C66B207D6569}
	EndGlobalSection
EndGlobal
